
Microsoft Visual Studio Solution File, Format Version 12.00
# Visual Studio Version 17
VisualStudioVersion = 17.1.32319.34
MinimumVisualStudioVersion = 10.0.40219.1
Project("{8BC9CEB8-8B4A-11D0-8D11-00A0C91BC942}") = "BinaryTree", "BinaryTree.vcxproj", "{CF2A3BCE-00D2-449F-8269-ED14DEB95040}"
EndProject
Global
	GlobalSection(SolutionConfigurationPlatforms) = preSolution
		Debug|x64 = Debug|x64
		Debug|x86 = Debug|x86
		Release|x64 = Release|x64
		Release|x86 = Release|x86
	EndGlobalSection
	GlobalSection(ProjectConfigurationPlatforms) = postSolution
		{CF2A3BCE-00D2-449F-8269-ED14DEB95040}.Debug|x64.ActiveCfg = Debug|x64
		{CF2A3BCE-00D2-449F-8269-ED14DEB95040}.Debug|x64.Build.0 = Debug|x64
		{CF2A3BCE-00D2-449F-8269-ED14DEB95040}.Debug|x86.ActiveCfg = Debug|Win32
		{CF2A3BCE-00D2-449F-8269-ED14DEB95040}.Debug|x86.Build.0 = Debug|Win32
		{CF2A3BCE-00D2-449F-8269-ED14DEB95040}.Release|x64.ActiveCfg = Release|x64
		{CF2A3BCE-00D2-449F-8269-ED14DEB95040}.Release|x64.Build.0 = Release|x64
		{CF2A3BCE-00D2-449F-8269-ED14DEB95040}.Release|x86.ActiveCfg = Release|Win32
		{CF2A3BCE-00D2-449F-8269-ED14DEB95040}.Release|x86.Build.0 = Release|Win32
	EndGlobalSection
	GlobalSection(SolutionProperties) = preSolution
		HideSolutionNode = FALSE
	EndGlobalSection
	GlobalSection(ExtensibilityGlobals) = postSolution
		SolutionGuid = {35CE9E80-9D02-45E6-B7DD-C4E8326FAF21}
	EndGlobalSection
EndGlobal
